
Microsoft Visual Studio Solution File, Format Version 12.00
# Visual Studio Version 16
VisualStudioVersion = 16.0.30621.155
MinimumVisualStudioVersion = 10.0.40219.1
Project("{FAE04EC0-301F-11D3-BF4B-00C04F79EFBC}") = "APICapacitacion.API", "APICapacitacion\APICapacitacion.API.csproj", "{040122ED-8676-41F3-844C-22048D724816}"
EndProject
Project("{FAE04EC0-301F-11D3-BF4B-00C04F79EFBC}") = "APICapacitacion.IRepositorio", "APICapacitacion.IRepository\APICapacitacion.IRepositorio.csproj", "{1DC6360C-B6C4-4BB9-AE21-47B34FD2A042}"
EndProject
Project("{FAE04EC0-301F-11D3-BF4B-00C04F79EFBC}") = "APICapacitacion.Repositorio", "APICapacitacion.Repository\APICapacitacion.Repositorio.csproj", "{B8079C94-0572-4FF6-B38B-5D3C472C4C13}"
EndProject
Project("{FAE04EC0-301F-11D3-BF4B-00C04F79EFBC}") = "APICapacitacion.Entidades", "APICapacitacion.Model\APICapacitacion.Entidades.csproj", "{47170A03-1B4E-4ABE-85D4-5BBFE04B8210}"
EndProject
Project("{FAE04EC0-301F-11D3-BF4B-00C04F79EFBC}") = "APICapacitacion.Clases", "APICapacitacion.Interface\APICapacitacion.Clases.csproj", "{7244963B-921A-48F1-9F00-1187561B2768}"
EndProject
Global
	GlobalSection(SolutionConfigurationPlatforms) = preSolution
		Debug|Any CPU = Debug|Any CPU
		Release|Any CPU = Release|Any CPU
	EndGlobalSection
	GlobalSection(ProjectConfigurationPlatforms) = postSolution
		{040122ED-8676-41F3-844C-22048D724816}.Debug|Any CPU.ActiveCfg = Debug|Any CPU
		{040122ED-8676-41F3-844C-22048D724816}.Debug|Any CPU.Build.0 = Debug|Any CPU
		{040122ED-8676-41F3-844C-22048D724816}.Release|Any CPU.ActiveCfg = Release|Any CPU
		{040122ED-8676-41F3-844C-22048D724816}.Release|Any CPU.Build.0 = Release|Any CPU
		{1DC6360C-B6C4-4BB9-AE21-47B34FD2A042}.Debug|Any CPU.ActiveCfg = Debug|Any CPU
		{1DC6360C-B6C4-4BB9-AE21-47B34FD2A042}.Debug|Any CPU.Build.0 = Debug|Any CPU
		{1DC6360C-B6C4-4BB9-AE21-47B34FD2A042}.Release|Any CPU.ActiveCfg = Release|Any CPU
		{1DC6360C-B6C4-4BB9-AE21-47B34FD2A042}.Release|Any CPU.Build.0 = Release|Any CPU
		{B8079C94-0572-4FF6-B38B-5D3C472C4C13}.Debug|Any CPU.ActiveCfg = Debug|Any CPU
		{B8079C94-0572-4FF6-B38B-5D3C472C4C13}.Debug|Any CPU.Build.0 = Debug|Any CPU
		{B8079C94-0572-4FF6-B38B-5D3C472C4C13}.Release|Any CPU.ActiveCfg = Release|Any CPU
		{B8079C94-0572-4FF6-B38B-5D3C472C4C13}.Release|Any CPU.Build.0 = Release|Any CPU
		{47170A03-1B4E-4ABE-85D4-5BBFE04B8210}.Debug|Any CPU.ActiveCfg = Debug|Any CPU
		{47170A03-1B4E-4ABE-85D4-5BBFE04B8210}.Debug|Any CPU.Build.0 = Debug|Any CPU
		{47170A03-1B4E-4ABE-85D4-5BBFE04B8210}.Release|Any CPU.ActiveCfg = Release|Any CPU
		{47170A03-1B4E-4ABE-85D4-5BBFE04B8210}.Release|Any CPU.Build.0 = Release|Any CPU
		{7244963B-921A-48F1-9F00-1187561B2768}.Debug|Any CPU.ActiveCfg = Debug|Any CPU
		{7244963B-921A-48F1-9F00-1187561B2768}.Debug|Any CPU.Build.0 = Debug|Any CPU
		{7244963B-921A-48F1-9F00-1187561B2768}.Release|Any CPU.ActiveCfg = Release|Any CPU
		{7244963B-921A-48F1-9F00-1187561B2768}.Release|Any CPU.Build.0 = Release|Any CPU
	EndGlobalSection
	GlobalSection(SolutionProperties) = preSolution
		HideSolutionNode = FALSE
	EndGlobalSection
	GlobalSection(ExtensibilityGlobals) = postSolution
		SolutionGuid = {428DB208-90E1-4B3C-B2DC-C65878724E01}
	EndGlobalSection
EndGlobal
